
Microsoft Visual Studio Solution File, Format Version 12.00
# Visual Studio Version 16
VisualStudioVersion = 16.0.29613.14
MinimumVisualStudioVersion = 10.0.40219.1
Project("{9A19103F-16F7-4668-BE54-9A1E7A4F7556}") = "TreeApi", "TreeApi\TreeApi.csproj", "{05DC5602-19C3-439D-BD2A-6023B6F62504}"
EndProject
Project("{FAE04EC0-301F-11D3-BF4B-00C04F79EFBC}") = "TreeApi.Tests", "TreeApi.Tests\TreeApi.Tests.csproj", "{88016198-2C08-48EB-A395-F0D5953F606A}"
EndProject
Global
	GlobalSection(SolutionConfigurationPlatforms) = preSolution
		Debug|Any CPU = Debug|Any CPU
		Release|Any CPU = Release|Any CPU
	EndGlobalSection
	GlobalSection(ProjectConfigurationPlatforms) = postSolution
		{05DC5602-19C3-439D-BD2A-6023B6F62504}.Debug|Any CPU.ActiveCfg = Debug|Any CPU
		{05DC5602-19C3-439D-BD2A-6023B6F62504}.Debug|Any CPU.Build.0 = Debug|Any CPU
		{05DC5602-19C3-439D-BD2A-6023B6F62504}.Release|Any CPU.ActiveCfg = Release|Any CPU
		{05DC5602-19C3-439D-BD2A-6023B6F62504}.Release|Any CPU.Build.0 = Release|Any CPU
		{88016198-2C08-48EB-A395-F0D5953F606A}.Debug|Any CPU.ActiveCfg = Debug|Any CPU
		{88016198-2C08-48EB-A395-F0D5953F606A}.Debug|Any CPU.Build.0 = Debug|Any CPU
		{88016198-2C08-48EB-A395-F0D5953F606A}.Release|Any CPU.ActiveCfg = Release|Any CPU
		{88016198-2C08-48EB-A395-F0D5953F606A}.Release|Any CPU.Build.0 = Release|Any CPU
	EndGlobalSection
	GlobalSection(SolutionProperties) = preSolution
		HideSolutionNode = FALSE
	EndGlobalSection
	GlobalSection(ExtensibilityGlobals) = postSolution
		SolutionGuid = {67F8536D-A1DA-4A34-BD74-59C308E37DC2}
	EndGlobalSection
EndGlobal
